# This file is automatically @generated by Cargo.
# It is not intended for manual editing.
version = 4

[[package]]
name = "crate-bin"
version = "0.1.5"
dependencies = [
 "crate-lib",
]

[[package]]
name = "crate-bin-no-dist"
version = "0.1.5"
dependencies = [
 "crate-lib",
]

[[package]]
name = "crate-lib"
version = "0.1.5"
dependencies = [
 "crate-lib-dep",
]

[[package]]
name = "crate-lib-dep"
version = "0.1.5"
